// !$*UTF8*$!
{
	archiveVersion = 1;
	classes = {
	};
	objectVersion = 46;
	objects = {

/* Begin PBXBuildFile section */
		F564570218FBC1B900B8886D /* Foundation.framework in Frameworks */ = {isa = PBXBuildFile; fileRef = F564570118FBC1B900B8886D /* Foundation.framework */; };
		F564570418FBC1B900B8886D /* CoreGraphics.framework in Frameworks */ = {isa = PBXBuildFile; fileRef = F564570318FBC1B900B8886D /* CoreGraphics.framework */; };
		F564570618FBC1B900B8886D /* UIKit.framework in Frameworks */ = {isa = PBXBuildFile; fileRef = F564570518FBC1B900B8886D /* UIKit.framework */; };
		F564570C18FBC1B900B8886D /* InfoPlist.strings in Resources */ = {isa = PBXBuildFile; fileRef = F564570A18FBC1B900B8886D /* InfoPlist.strings */; };
		F564570E18FBC1B900B8886D /* main.m in Sources */ = {isa = PBXBuildFile; fileRef = F564570D18FBC1B900B8886D /* main.m */; };
		F564571218FBC1B900B8886D /* AppDelegate.m in Sources */ = {isa = PBXBuildFile; fileRef = F564571118FBC1B900B8886D /* AppDelegate.m */; };
		F564571518FBC1B900B8886D /* Main.storyboard in Resources */ = {isa = PBXBuildFile; fileRef = F564571318FBC1B900B8886D /* Main.storyboard */; };
		F564571818FBC1B900B8886D /* ViewController.m in Sources */ = {isa = PBXBuildFile; fileRef = F564571718FBC1B900B8886D /* ViewController.m */; };
		F564571A18FBC1B900B8886D /* Images.xcassets in Resources */ = {isa = PBXBuildFile; fileRef = F564571918FBC1B900B8886D /* Images.xcassets */; };
		F564572118FBC1B900B8886D /* XCTest.framework in Frameworks */ = {isa = PBXBuildFile; fileRef = F564572018FBC1B900B8886D /* XCTest.framework */; };
		F564572218FBC1B900B8886D /* Foundation.framework in Frameworks */ = {isa = PBXBuildFile; fileRef = F564570118FBC1B900B8886D /* Foundation.framework */; };
		F564572318FBC1B900B8886D /* UIKit.framework in Frameworks */ = {isa = PBXBuildFile; fileRef = F564570518FBC1B900B8886D /* UIKit.framework */; };
		F564572B18FBC1B900B8886D /* InfoPlist.strings in Resources */ = {isa = PBXBuildFile; fileRef = F564572918FBC1B900B8886D /* InfoPlist.strings */; };
		F564572D18FBC1B900B8886D /* SearchMedicineTests.m in Sources */ = {isa = PBXBuildFile; fileRef = F564572C18FBC1B900B8886D /* SearchMedicineTests.m */; };
		F564573718FBC1DB00B8886D /* FacebookSDK.framework in Frameworks */ = {isa = PBXBuildFile; fileRef = F564573618FBC1DB00B8886D /* FacebookSDK.framework */; };
		F564573818FBC1DB00B8886D /* FacebookSDK.framework in Frameworks */ = {isa = PBXBuildFile; fileRef = F564573618FBC1DB00B8886D /* FacebookSDK.framework */; };
		F564573B18FBC41500B8886D /* AuthenticationObject.m in Sources */ = {isa = PBXBuildFile; fileRef = F564573A18FBC41500B8886D /* AuthenticationObject.m */; };
		F564573C18FBC41500B8886D /* AuthenticationObject.m in Sources */ = {isa = PBXBuildFile; fileRef = F564573A18FBC41500B8886D /* AuthenticationObject.m */; };
/* End PBXBuildFile section */

/* Begin PBXContainerItemProxy section */
		F564572418FBC1B900B8886D /* PBXContainerItemProxy */ = {
			isa = PBXContainerItemProxy;
			containerPortal = F56456F618FBC1B900B8886D /* Project object */;
			proxyType = 1;
			remoteGlobalIDString = F56456FD18FBC1B900B8886D;
			remoteInfo = SearchMedicine;
		};
/* End PBXContainerItemProxy section */

/* Begin PBXFileReference section */
		F56456FE18FBC1B900B8886D /* SearchMedicine.app */ = {isa = PBXFileReference; explicitFileType = wrapper.application; includeInIndex = 0; path = SearchMedicine.app; sourceTree = BUILT_PRODUCTS_DIR; };
		F564570118FBC1B900B8886D /* Foundation.framework */ = {isa = PBXFileReference; lastKnownFileType = wrapper.framework; name = Foundation.framework; path = System/Library/Frameworks/Foundation.framework; sourceTree = SDKROOT; };
		F564570318FBC1B900B8886D /* CoreGraphics.framework */ = {isa = PBXFileReference; lastKnownFileType = wrapper.framework; name = CoreGraphics.framework; path = System/Library/Frameworks/CoreGraphics.framework; sourceTree = SDKROOT; };
		F564570518FBC1B900B8886D /* UIKit.framework */ = {isa = PBXFileReference; lastKnownFileType = wrapper.framework; name = UIKit.framework; path = System/Library/Frameworks/UIKit.framework; sourceTree = SDKROOT; };
		F564570918FBC1B900B8886D /* SearchMedicine-Info.plist */ = {isa = PBXFileReference; lastKnownFileType = text.plist.xml; path = "SearchMedicine-Info.plist"; sourceTree = "<group>"; };
		F564570B18FBC1B900B8886D /* en */ = {isa = PBXFileReference; lastKnownFileType = text.plist.strings; name = en; path = en.lproj/InfoPlist.strings; sourceTree = "<group>"; };
		F564570D18FBC1B900B8886D /* main.m */ = {isa = PBXFileReference; lastKnownFileType = sourcecode.c.objc; path = main.m; sourceTree = "<group>"; };
		F564570F18FBC1B900B8886D /* SearchMedicine-Prefix.pch */ = {isa = PBXFileReference; lastKnownFileType = sourcecode.c.h; path = "SearchMedicine-Prefix.pch"; sourceTree = "<group>"; };
		F564571018FBC1B900B8886D /* AppDelegate.h */ = {isa = PBXFileReference; lastKnownFileType = sourcecode.c.h; path = AppDelegate.h; sourceTree = "<group>"; };
		F564571118FBC1B900B8886D /* AppDelegate.m */ = {isa = PBXFileReference; lastKnownFileType = sourcecode.c.objc; path = AppDelegate.m; sourceTree = "<group>"; };
		F564571418FBC1B900B8886D /* Base */ = {isa = PBXFileReference; lastKnownFileType = file.storyboard; name = Base; path = Base.lproj/Main.storyboard; sourceTree = "<group>"; };
		F564571618FBC1B900B8886D /* ViewController.h */ = {isa = PBXFileReference; lastKnownFileType = sourcecode.c.h; path = ViewController.h; sourceTree = "<group>"; };
		F564571718FBC1B900B8886D /* ViewController.m */ = {isa = PBXFileReference; lastKnownFileType = sourcecode.c.objc; path = ViewController.m; sourceTree = "<group>"; };
		F564571918FBC1B900B8886D /* Images.xcassets */ = {isa = PBXFileReference; lastKnownFileType = folder.assetcatalog; path = Images.xcassets; sourceTree = "<group>"; };
		F564571F18FBC1B900B8886D /* SearchMedicineTests.xctest */ = {isa = PBXFileReference; explicitFileType = wrapper.cfbundle; includeInIndex = 0; path = SearchMedicineTests.xctest; sourceTree = BUILT_PRODUCTS_DIR; };
		F564572018FBC1B900B8886D /* XCTest.framework */ = {isa = PBXFileReference; lastKnownFileType = wrapper.framework; name = XCTest.framework; path = Library/Frameworks/XCTest.framework; sourceTree = DEVELOPER_DIR; };
		F564572818FBC1B900B8886D /* SearchMedicineTests-Info.plist */ = {isa = PBXFileReference; lastKnownFileType = text.plist.xml; path = "SearchMedicineTests-Info.plist"; sourceTree = "<group>"; };
		F564572A18FBC1B900B8886D /* en */ = {isa = PBXFileReference; lastKnownFileType = text.plist.strings; name = en; path = en.lproj/InfoPlist.strings; sourceTree = "<group>"; };
		F564572C18FBC1B900B8886D /* SearchMedicineTests.m */ = {isa = PBXFileReference; lastKnownFileType = sourcecode.c.objc; path = SearchMedicineTests.m; sourceTree = "<group>"; };
		F564573618FBC1DB00B8886D /* FacebookSDK.framework */ = {isa = PBXFileReference; lastKnownFileType = wrapper.framework; path = FacebookSDK.framework; sourceTree = "<group>"; };
		F564573918FBC41500B8886D /* AuthenticationObject.h */ = {isa = PBXFileReference; fileEncoding = 4; lastKnownFileType = sourcecode.c.h; path = AuthenticationObject.h; sourceTree = "<group>"; };
		F564573A18FBC41500B8886D /* AuthenticationObject.m */ = {isa = PBXFileReference; fileEncoding = 4; lastKnownFileType = sourcecode.c.objc; path = AuthenticationObject.m; sourceTree = "<group>"; };
/* End PBXFileReference section */

/* Begin PBXFrameworksBuildPhase section */
		F56456FB18FBC1B900B8886D /* Frameworks */ = {
			isa = PBXFrameworksBuildPhase;
			buildActionMask = 2147483647;
			files = (
				F564570418FBC1B900B8886D /* CoreGraphics.framework in Frameworks */,
				F564573718FBC1DB00B8886D /* FacebookSDK.framework in Frameworks */,
				F564570618FBC1B900B8886D /* UIKit.framework in Frameworks */,
				F564570218FBC1B900B8886D /* Foundation.framework in Frameworks */,
			);
			runOnlyForDeploymentPostprocessing = 0;
		};
		F564571C18FBC1B900B8886D /* Frameworks */ = {
			isa = PBXFrameworksBuildPhase;
			buildActionMask = 2147483647;
			files = (
				F564572118FBC1B900B8886D /* XCTest.framework in Frameworks */,
				F564573818FBC1DB00B8886D /* FacebookSDK.framework in Frameworks */,
				F564572318FBC1B900B8886D /* UIKit.framework in Frameworks */,
				F564572218FBC1B900B8886D /* Foundation.framework in Frameworks */,
			);
			runOnlyForDeploymentPostprocessing = 0;
		};
/* End PBXFrameworksBuildPhase section */

/* Begin PBXGroup section */
		F56456F518FBC1B900B8886D = {
			isa = PBXGroup;
			children = (
				F564570718FBC1B900B8886D /* SearchMedicine */,
				F564572618FBC1B900B8886D /* SearchMedicineTests */,
				F564570018FBC1B900B8886D /* Frameworks */,
				F56456FF18FBC1B900B8886D /* Products */,
			);
			sourceTree = "<group>";
		};
		F56456FF18FBC1B900B8886D /* Products */ = {
			isa = PBXGroup;
			children = (
				F56456FE18FBC1B900B8886D /* SearchMedicine.app */,
				F564571F18FBC1B900B8886D /* SearchMedicineTests.xctest */,
			);
			name = Products;
			sourceTree = "<group>";
		};
		F564570018FBC1B900B8886D /* Frameworks */ = {
			isa = PBXGroup;
			children = (
				F564573618FBC1DB00B8886D /* FacebookSDK.framework */,
				F564570118FBC1B900B8886D /* Foundation.framework */,
				F564570318FBC1B900B8886D /* CoreGraphics.framework */,
				F564570518FBC1B900B8886D /* UIKit.framework */,
				F564572018FBC1B900B8886D /* XCTest.framework */,
			);
			name = Frameworks;
			sourceTree = "<group>";
		};
		F564570718FBC1B900B8886D /* SearchMedicine */ = {
			isa = PBXGroup;
			children = (
				F564571018FBC1B900B8886D /* AppDelegate.h */,
				F564571118FBC1B900B8886D /* AppDelegate.m */,
				F564571318FBC1B900B8886D /* Main.storyboard */,
				F564571618FBC1B900B8886D /* ViewController.h */,
				F564571718FBC1B900B8886D /* ViewController.m */,
				F564571918FBC1B900B8886D /* Images.xcassets */,
				F564570818FBC1B900B8886D /* Supporting Files */,
				F564573918FBC41500B8886D /* AuthenticationObject.h */,
				F564573A18FBC41500B8886D /* AuthenticationObject.m */,
			);
			path = SearchMedicine;
			sourceTree = "<group>";
		};
		F564570818FBC1B900B8886D /* Supporting Files */ = {
			isa = PBXGroup;
			children = (
				F564570918FBC1B900B8886D /* SearchMedicine-Info.plist */,
				F564570A18FBC1B900B8886D /* InfoPlist.strings */,
				F564570D18FBC1B900B8886D /* main.m */,
				F564570F18FBC1B900B8886D /* SearchMedicine-Prefix.pch */,
			);
			name = "Supporting Files";
			sourceTree = "<group>";
		};
		F564572618FBC1B900B8886D /* SearchMedicineTests */ = {
			isa = PBXGroup;
			children = (
				F564572C18FBC1B900B8886D /* SearchMedicineTests.m */,
				F564572718FBC1B900B8886D /* Supporting Files */,
			);
			path = SearchMedicineTests;
			sourceTree = "<group>";
		};
		F564572718FBC1B900B8886D /* Supporting Files */ = {
			isa = PBXGroup;
			children = (
				F564572818FBC1B900B8886D /* SearchMedicineTests-Info.plist */,
				F564572918FBC1B900B8886D /* InfoPlist.strings */,
			);
			name = "Supporting Files";
			sourceTree = "<group>";
		};
/* End PBXGroup section */

/* Begin PBXNativeTarget section */
		F56456FD18FBC1B900B8886D /* SearchMedicine */ = {
			isa = PBXNativeTarget;
			buildConfigurationList = F564573018FBC1B900B8886D /* Build configuration list for PBXNativeTarget "SearchMedicine" */;
			buildPhases = (
				F56456FA18FBC1B900B8886D /* Sources */,
				F56456FB18FBC1B900B8886D /* Frameworks */,
				F56456FC18FBC1B900B8886D /* Resources */,
			);
			buildRules = (
			);
			dependencies = (
			);
			name = SearchMedicine;
			productName = SearchMedicine;
			productReference = F56456FE18FBC1B900B8886D /* SearchMedicine.app */;
			productType = "com.apple.product-type.application";
		};
		F564571E18FBC1B900B8886D /* SearchMedicineTests */ = {
			isa = PBXNativeTarget;
			buildConfigurationList = F564573318FBC1B900B8886D /* Build configuration list for PBXNativeTarget "SearchMedicineTests" */;
			buildPhases = (
				F564571B18FBC1B900B8886D /* Sources */,
				F564571C18FBC1B900B8886D /* Frameworks */,
				F564571D18FBC1B900B8886D /* Resources */,
			);
			buildRules = (
			);
			dependencies = (
				F564572518FBC1B900B8886D /* PBXTargetDependency */,
			);
			name = SearchMedicineTests;
			productName = SearchMedicineTests;
			productReference = F564571F18FBC1B900B8886D /* SearchMedicineTests.xctest */;
			productType = "com.apple.product-type.bundle.unit-test";
		};
/* End PBXNativeTarget section */

/* Begin PBXProject section */
		F56456F618FBC1B900B8886D /* Project object */ = {
			isa = PBXProject;
			attributes = {
				LastUpgradeCheck = 0500;
				ORGANIZATIONNAME = "Ramu Naidu";
				TargetAttributes = {
					F564571E18FBC1B900B8886D = {
						TestTargetID = F56456FD18FBC1B900B8886D;
					};
				};
			};
			buildConfigurationList = F56456F918FBC1B900B8886D /* Build configuration list for PBXProject "SearchMedicine" */;
			compatibilityVersion = "Xcode 3.2";
			developmentRegion = English;
			hasScannedForEncodings = 0;
			knownRegions = (
				en,
				Base,
			);
			mainGroup = F56456F518FBC1B900B8886D;
			productRefGroup = F56456FF18FBC1B900B8886D /* Products */;
			projectDirPath = "";
			projectRoot = "";
			targets = (
				F56456FD18FBC1B900B8886D /* SearchMedicine */,
				F564571E18FBC1B900B8886D /* SearchMedicineTests */,
			);
		};
/* End PBXProject section */

/* Begin PBXResourcesBuildPhase section */
		F56456FC18FBC1B900B8886D /* Resources */ = {
			isa = PBXResourcesBuildPhase;
			buildActionMask = 2147483647;
			files = (
				F564571A18FBC1B900B8886D /* Images.xcassets in Resources */,
				F564570C18FBC1B900B8886D /* InfoPlist.strings in Resources */,
				F564571518FBC1B900B8886D /* Main.storyboard in Resources */,
			);
			runOnlyForDeploymentPostprocessing = 0;
		};
		F564571D18FBC1B900B8886D /* Resources */ = {
			isa = PBXResourcesBuildPhase;
			buildActionMask = 2147483647;
			files = (
				F564572B18FBC1B900B8886D /* InfoPlist.strings in Resources */,
			);
			runOnlyForDeploymentPostprocessing = 0;
		};
/* End PBXResourcesBuildPhase section */

/* Begin PBXSourcesBuildPhase section */
		F56456FA18FBC1B900B8886D /* Sources */ = {
			isa = PBXSourcesBuildPhase;
			buildActionMask = 2147483647;
			files = (
				F564573B18FBC41500B8886D /* AuthenticationObject.m in Sources */,
				F564571818FBC1B900B8886D /* ViewController.m in Sources */,
				F564571218FBC1B900B8886D /* AppDelegate.m in Sources */,
				F564570E18FBC1B900B8886D /* main.m in Sources */,
			);
			runOnlyForDeploymentPostprocessing = 0;
		};
		F564571B18FBC1B900B8886D /* Sources */ = {
			isa = PBXSourcesBuildPhase;
			buildActionMask = 2147483647;
			files = (
				F564573C18FBC41500B8886D /* AuthenticationObject.m in Sources */,
				F564572D18FBC1B900B8886D /* SearchMedicineTests.m in Sources */,
			);
			runOnlyForDeploymentPostprocessing = 0;
		};
/* End PBXSourcesBuildPhase section */

/* Begin PBXTargetDependency section */
		F564572518FBC1B900B8886D /* PBXTargetDependency */ = {
			isa = PBXTargetDependency;
			target = F56456FD18FBC1B900B8886D /* SearchMedicine */;
			targetProxy = F564572418FBC1B900B8886D /* PBXContainerItemProxy */;
		};
/* End PBXTargetDependency section */

/* Begin PBXVariantGroup section */
		F564570A18FBC1B900B8886D /* InfoPlist.strings */ = {
			isa = PBXVariantGroup;
			children = (
				F564570B18FBC1B900B8886D /* en */,
			);
			name = InfoPlist.strings;
			sourceTree = "<group>";
		};
		F564571318FBC1B900B8886D /* Main.storyboard */ = {
			isa = PBXVariantGroup;
			children = (
				F564571418FBC1B900B8886D /* Base */,
			);
			name = Main.storyboard;
			sourceTree = "<group>";
		};
		F564572918FBC1B900B8886D /* InfoPlist.strings */ = {
			isa = PBXVariantGroup;
			children = (
				F564572A18FBC1B900B8886D /* en */,
			);
			name = InfoPlist.strings;
			sourceTree = "<group>";
		};
/* End PBXVariantGroup section */

/* Begin XCBuildConfiguration section */
		F564572E18FBC1B900B8886D /* Debug */ = {
			isa = XCBuildConfiguration;
			buildSettings = {
				ALWAYS_SEARCH_USER_PATHS = NO;
				ARCHS = "$(ARCHS_STANDARD_INCLUDING_64_BIT)";
				CLANG_CXX_LANGUAGE_STANDARD = "gnu++0x";
				CLANG_CXX_LIBRARY = "libc++";
				CLANG_ENABLE_MODULES = YES;
				CLANG_ENABLE_OBJC_ARC = YES;
				CLANG_WARN_BOOL_CONVERSION = YES;
				CLANG_WARN_CONSTANT_CONVERSION = YES;
				CLANG_WARN_DIRECT_OBJC_ISA_USAGE = YES_ERROR;
				CLANG_WARN_EMPTY_BODY = YES;
				CLANG_WARN_ENUM_CONVERSION = YES;
				CLANG_WARN_INT_CONVERSION = YES;
				CLANG_WARN_OBJC_ROOT_CLASS = YES_ERROR;
				CLANG_WARN__DUPLICATE_METHOD_MATCH = YES;
				"CODE_SIGN_IDENTITY[sdk=iphoneos*]" = "iPhone Developer";
				COPY_PHASE_STRIP = NO;
				GCC_C_LANGUAGE_STANDARD = gnu99;
				GCC_DYNAMIC_NO_PIC = NO;
				GCC_OPTIMIZATION_LEVEL = 0;
				GCC_PREPROCESSOR_DEFINITIONS = (
					"DEBUG=1",
					"$(inherited)",
				);
				GCC_SYMBOLS_PRIVATE_EXTERN = NO;
				GCC_WARN_64_TO_32_BIT_CONVERSION = YES;
				GCC_WARN_ABOUT_RETURN_TYPE = YES_ERROR;
				GCC_WARN_UNDECLARED_SELECTOR = YES;
				GCC_WARN_UNINITIALIZED_AUTOS = YES;
				GCC_WARN_UNUSED_FUNCTION = YES;
				GCC_WARN_UNUSED_VARIABLE = YES;
				IPHONEOS_DEPLOYMENT_TARGET = 7.0;
				ONLY_ACTIVE_ARCH = YES;
				SDKROOT = iphoneos;
			};
			name = Debug;
		};
		F564572F18FBC1B900B8886D /* Release */ = {
			isa = XCBuildConfiguration;
			buildSettings = {
				ALWAYS_SEARCH_USER_PATHS = NO;
				ARCHS = "$(ARCHS_STANDARD_INCLUDING_64_BIT)";
				CLANG_CXX_LANGUAGE_STANDARD = "gnu++0x";
				CLANG_CXX_LIBRARY = "libc++";
				CLANG_ENABLE_MODULES = YES;
				CLANG_ENABLE_OBJC_ARC = YES;
				CLANG_WARN_BOOL_CONVERSION = YES;
				CLANG_WARN_CONSTANT_CONVERSION = YES;
				CLANG_WARN_DIRECT_OBJC_ISA_USAGE = YES_ERROR;
				CLANG_WARN_EMPTY_BODY = YES;
				CLANG_WARN_ENUM_CONVERSION = YES;
				CLANG_WARN_INT_CONVERSION = YES;
				CLANG_WARN_OBJC_ROOT_CLASS = YES_ERROR;
				CLANG_WARN__DUPLICATE_METHOD_MATCH = YES;
				"CODE_SIGN_IDENTITY[sdk=iphoneos*]" = "iPhone Developer";
				COPY_PHASE_STRIP = YES;
				ENABLE_NS_ASSERTIONS = NO;
				GCC_C_LANGUAGE_STANDARD = gnu99;
				GCC_WARN_64_TO_32_BIT_CONVERSION = YES;
				GCC_WARN_ABOUT_RETURN_TYPE = YES_ERROR;
				GCC_WARN_UNDECLARED_SELECTOR = YES;
				GCC_WARN_UNINITIALIZED_AUTOS = YES;
				GCC_WARN_UNUSED_FUNCTION = YES;
				GCC_WARN_UNUSED_VARIABLE = YES;
				IPHONEOS_DEPLOYMENT_TARGET = 7.0;
				SDKROOT = iphoneos;
				VALIDATE_PRODUCT = YES;
			};
			name = Release;
		};
		F564573118FBC1B900B8886D /* Debug */ = {
			isa = XCBuildConfiguration;
			buildSettings = {
				ASSETCATALOG_COMPILER_APPICON_NAME = AppIcon;
				ASSETCATALOG_COMPILER_LAUNCHIMAGE_NAME = LaunchImage;
				FRAMEWORK_SEARCH_PATHS = (
					"$(inherited)",
					/Users/ramunaidu/Documents/SearchMedicine,
				);
				GCC_PRECOMPILE_PREFIX_HEADER = YES;
				GCC_PREFIX_HEADER = "SearchMedicine/SearchMedicine-Prefix.pch";
				INFOPLIST_FILE = "SearchMedicine/SearchMedicine-Info.plist";
				PRODUCT_NAME = "$(TARGET_NAME)";
				WRAPPER_EXTENSION = app;
			};
			name = Debug;
		};
		F564573218FBC1B900B8886D /* Release */ = {
			isa = XCBuildConfiguration;
			buildSettings = {
				ASSETCATALOG_COMPILER_APPICON_NAME = AppIcon;
				ASSETCATALOG_COMPILER_LAUNCHIMAGE_NAME = LaunchImage;
				FRAMEWORK_SEARCH_PATHS = (
					"$(inherited)",
					/Users/ramunaidu/Documents/SearchMedicine,
				);
				GCC_PRECOMPILE_PREFIX_HEADER = YES;
				GCC_PREFIX_HEADER = "SearchMedicine/SearchMedicine-Prefix.pch";
				INFOPLIST_FILE = "SearchMedicine/SearchMedicine-Info.plist";
				PRODUCT_NAME = "$(TARGET_NAME)";
				WRAPPER_EXTENSION = app;
			};
			name = Release;
		};
		F564573418FBC1B900B8886D /* Debug */ = {
			isa = XCBuildConfiguration;
			buildSettings = {
				ARCHS = "$(ARCHS_STANDARD_INCLUDING_64_BIT)";
				BUNDLE_LOADER = "$(BUILT_PRODUCTS_DIR)/SearchMedicine.app/SearchMedicine";
				FRAMEWORK_SEARCH_PATHS = (
					"$(SDKROOT)/Developer/Library/Frameworks",
					"$(inherited)",
					"$(DEVELOPER_FRAMEWORKS_DIR)",
					/Users/ramunaidu/Documents/SearchMedicine,
				);
				GCC_PRECOMPILE_PREFIX_HEADER = YES;
				GCC_PREFIX_HEADER = "SearchMedicine/SearchMedicine-Prefix.pch";
				GCC_PREPROCESSOR_DEFINITIONS = (
					"DEBUG=1",
					"$(inherited)",
				);
				INFOPLIST_FILE = "SearchMedicineTests/SearchMedicineTests-Info.plist";
				PRODUCT_NAME = "$(TARGET_NAME)";
				TEST_HOST = "$(BUNDLE_LOADER)";
				WRAPPER_EXTENSION = xctest;
			};
			name = Debug;
		};
		F564573518FBC1B900B8886D /* Release */ = {
			isa = XCBuildConfiguration;
			buildSettings = {
				ARCHS = "$(ARCHS_STANDARD_INCLUDING_64_BIT)";
				BUNDLE_LOADER = "$(BUILT_PRODUCTS_DIR)/SearchMedicine.app/SearchMedicine";
				FRAMEWORK_SEARCH_PATHS = (
					"$(SDKROOT)/Developer/Library/Frameworks",
					"$(inherited)",
					"$(DEVELOPER_FRAMEWORKS_DIR)",
					/Users/ramunaidu/Documents/SearchMedicine,
				);
				GCC_PRECOMPILE_PREFIX_HEADER = YES;
				GCC_PREFIX_HEADER = "SearchMedicine/SearchMedicine-Prefix.pch";
				INFOPLIST_FILE = "SearchMedicineTests/SearchMedicineTests-Info.plist";
				PRODUCT_NAME = "$(TARGET_NAME)";
				TEST_HOST = "$(BUNDLE_LOADER)";
				WRAPPER_EXTENSION = xctest;
			};
			name = Release;
		};
/* End XCBuildConfiguration section */

/* Begin XCConfigurationList section */
		F56456F918FBC1B900B8886D /* Build configuration list for PBXProject "SearchMedicine" */ = {
			isa = XCConfigurationList;
			buildConfigurations = (
				F564572E18FBC1B900B8886D /* Debug */,
				F564572F18FBC1B900B8886D /* Release */,
			);
			defaultConfigurationIsVisible = 0;
			defaultConfigurationName = Release;
		};
		F564573018FBC1B900B8886D /* Build configuration list for PBXNativeTarget "SearchMedicine" */ = {
			isa = XCConfigurationList;
			buildConfigurations = (
				F564573118FBC1B900B8886D /* Debug */,
				F564573218FBC1B900B8886D /* Release */,
			);
			defaultConfigurationIsVisible = 0;
		};
		F564573318FBC1B900B8886D /* Build configuration list for PBXNativeTarget "SearchMedicineTests" */ = {
			isa = XCConfigurationList;
			buildConfigurations = (
				F564573418FBC1B900B8886D /* Debug */,
				F564573518FBC1B900B8886D /* Release */,
			);
			defaultConfigurationIsVisible = 0;
		};
/* End XCConfigurationList section */
	};
	rootObject = F56456F618FBC1B900B8886D /* Project object */;
}
